
Microsoft Visual Studio Solution File, Format Version 12.00
# Visual Studio Version 16
VisualStudioVersion = 16.0.31025.194
MinimumVisualStudioVersion = 10.0.40219.1
Project("{FAE04EC0-301F-11D3-BF4B-00C04F79EFBC}") = "BindingModeExample.UWP", "BindingModeExample.UWP\BindingModeExample.UWP.csproj", "{F47A884A-E216-46E1-86C2-5999E2021E77}"
EndProject
Project("{FAE04EC0-301F-11D3-BF4B-00C04F79EFBC}") = "BindingModeExample.Android", "BindingModeExample.Android\BindingModeExample.Android.csproj", "{0084F535-5E98-4673-8702-D7CB333D9458}"
EndProject
Project("{FAE04EC0-301F-11D3-BF4B-00C04F79EFBC}") = "BindingModeExample", "BindingModeExample\BindingModeExample.csproj", "{1BED5699-1ED8-4928-BF07-38CAE66AF3AD}"
EndProject
Global
	GlobalSection(SolutionConfigurationPlatforms) = preSolution
		Debug|Any CPU = Debug|Any CPU
		Debug|ARM = Debug|ARM
		Debug|x64 = Debug|x64
		Debug|x86 = Debug|x86
		Release|Any CPU = Release|Any CPU
		Release|ARM = Release|ARM
		Release|x64 = Release|x64
		Release|x86 = Release|x86
	EndGlobalSection
	GlobalSection(ProjectConfigurationPlatforms) = postSolution
		{F47A884A-E216-46E1-86C2-5999E2021E77}.Debug|Any CPU.ActiveCfg = Debug|x86
		{F47A884A-E216-46E1-86C2-5999E2021E77}.Debug|Any CPU.Build.0 = Debug|x86
		{F47A884A-E216-46E1-86C2-5999E2021E77}.Debug|Any CPU.Deploy.0 = Debug|x86
		{F47A884A-E216-46E1-86C2-5999E2021E77}.Debug|ARM.ActiveCfg = Debug|ARM
		{F47A884A-E216-46E1-86C2-5999E2021E77}.Debug|ARM.Build.0 = Debug|ARM
		{F47A884A-E216-46E1-86C2-5999E2021E77}.Debug|ARM.Deploy.0 = Debug|ARM
		{F47A884A-E216-46E1-86C2-5999E2021E77}.Debug|x64.ActiveCfg = Debug|x64
		{F47A884A-E216-46E1-86C2-5999E2021E77}.Debug|x64.Build.0 = Debug|x64
		{F47A884A-E216-46E1-86C2-5999E2021E77}.Debug|x64.Deploy.0 = Debug|x64
		{F47A884A-E216-46E1-86C2-5999E2021E77}.Debug|x86.ActiveCfg = Debug|x86
		{F47A884A-E216-46E1-86C2-5999E2021E77}.Debug|x86.Build.0 = Debug|x86
		{F47A884A-E216-46E1-86C2-5999E2021E77}.Debug|x86.Deploy.0 = Debug|x86
		{F47A884A-E216-46E1-86C2-5999E2021E77}.Release|Any CPU.ActiveCfg = Release|x86
		{F47A884A-E216-46E1-86C2-5999E2021E77}.Release|Any CPU.Build.0 = Release|x86
		{F47A884A-E216-46E1-86C2-5999E2021E77}.Release|Any CPU.Deploy.0 = Release|x86
		{F47A884A-E216-46E1-86C2-5999E2021E77}.Release|ARM.ActiveCfg = Release|ARM
		{F47A884A-E216-46E1-86C2-5999E2021E77}.Release|ARM.Build.0 = Release|ARM
		{F47A884A-E216-46E1-86C2-5999E2021E77}.Release|ARM.Deploy.0 = Release|ARM
		{F47A884A-E216-46E1-86C2-5999E2021E77}.Release|x64.ActiveCfg = Release|x64
		{F47A884A-E216-46E1-86C2-5999E2021E77}.Release|x64.Build.0 = Release|x64
		{F47A884A-E216-46E1-86C2-5999E2021E77}.Release|x64.Deploy.0 = Release|x64
		{F47A884A-E216-46E1-86C2-5999E2021E77}.Release|x86.ActiveCfg = Release|x86
		{F47A884A-E216-46E1-86C2-5999E2021E77}.Release|x86.Build.0 = Release|x86
		{F47A884A-E216-46E1-86C2-5999E2021E77}.Release|x86.Deploy.0 = Release|x86
		{0084F535-5E98-4673-8702-D7CB333D9458}.Debug|Any CPU.ActiveCfg = Debug|Any CPU
		{0084F535-5E98-4673-8702-D7CB333D9458}.Debug|Any CPU.Build.0 = Debug|Any CPU
		{0084F535-5E98-4673-8702-D7CB333D9458}.Debug|Any CPU.Deploy.0 = Debug|Any CPU
		{0084F535-5E98-4673-8702-D7CB333D9458}.Debug|ARM.ActiveCfg = Debug|Any CPU
		{0084F535-5E98-4673-8702-D7CB333D9458}.Debug|ARM.Build.0 = Debug|Any CPU
		{0084F535-5E98-4673-8702-D7CB333D9458}.Debug|ARM.Deploy.0 = Debug|Any CPU
		{0084F535-5E98-4673-8702-D7CB333D9458}.Debug|x64.ActiveCfg = Debug|Any CPU
		{0084F535-5E98-4673-8702-D7CB333D9458}.Debug|x64.Build.0 = Debug|Any CPU
		{0084F535-5E98-4673-8702-D7CB333D9458}.Debug|x64.Deploy.0 = Debug|Any CPU
		{0084F535-5E98-4673-8702-D7CB333D9458}.Debug|x86.ActiveCfg = Debug|Any CPU
		{0084F535-5E98-4673-8702-D7CB333D9458}.Debug|x86.Build.0 = Debug|Any CPU
		{0084F535-5E98-4673-8702-D7CB333D9458}.Debug|x86.Deploy.0 = Debug|Any CPU
		{0084F535-5E98-4673-8702-D7CB333D9458}.Release|Any CPU.ActiveCfg = Release|Any CPU
		{0084F535-5E98-4673-8702-D7CB333D9458}.Release|Any CPU.Build.0 = Release|Any CPU
		{0084F535-5E98-4673-8702-D7CB333D9458}.Release|Any CPU.Deploy.0 = Release|Any CPU
		{0084F535-5E98-4673-8702-D7CB333D9458}.Release|ARM.ActiveCfg = Release|Any CPU
		{0084F535-5E98-4673-8702-D7CB333D9458}.Release|ARM.Build.0 = Release|Any CPU
		{0084F535-5E98-4673-8702-D7CB333D9458}.Release|ARM.Deploy.0 = Release|Any CPU
		{0084F535-5E98-4673-8702-D7CB333D9458}.Release|x64.ActiveCfg = Release|Any CPU
		{0084F535-5E98-4673-8702-D7CB333D9458}.Release|x64.Build.0 = Release|Any CPU
		{0084F535-5E98-4673-8702-D7CB333D9458}.Release|x64.Deploy.0 = Release|Any CPU
		{0084F535-5E98-4673-8702-D7CB333D9458}.Release|x86.ActiveCfg = Release|Any CPU
		{0084F535-5E98-4673-8702-D7CB333D9458}.Release|x86.Build.0 = Release|Any CPU
		{0084F535-5E98-4673-8702-D7CB333D9458}.Release|x86.Deploy.0 = Release|Any CPU
		{1BED5699-1ED8-4928-BF07-38CAE66AF3AD}.Debug|Any CPU.ActiveCfg = Debug|Any CPU
		{1BED5699-1ED8-4928-BF07-38CAE66AF3AD}.Debug|Any CPU.Build.0 = Debug|Any CPU
		{1BED5699-1ED8-4928-BF07-38CAE66AF3AD}.Debug|Any CPU.Deploy.0 = Debug|Any CPU
		{1BED5699-1ED8-4928-BF07-38CAE66AF3AD}.Debug|ARM.ActiveCfg = Debug|Any CPU
		{1BED5699-1ED8-4928-BF07-38CAE66AF3AD}.Debug|ARM.Build.0 = Debug|Any CPU
		{1BED5699-1ED8-4928-BF07-38CAE66AF3AD}.Debug|ARM.Deploy.0 = Debug|Any CPU
		{1BED5699-1ED8-4928-BF07-38CAE66AF3AD}.Debug|x64.ActiveCfg = Debug|Any CPU
		{1BED5699-1ED8-4928-BF07-38CAE66AF3AD}.Debug|x64.Build.0 = Debug|Any CPU
		{1BED5699-1ED8-4928-BF07-38CAE66AF3AD}.Debug|x64.Deploy.0 = Debug|Any CPU
		{1BED5699-1ED8-4928-BF07-38CAE66AF3AD}.Debug|x86.ActiveCfg = Debug|Any CPU
		{1BED5699-1ED8-4928-BF07-38CAE66AF3AD}.Debug|x86.Build.0 = Debug|Any CPU
		{1BED5699-1ED8-4928-BF07-38CAE66AF3AD}.Debug|x86.Deploy.0 = Debug|Any CPU
		{1BED5699-1ED8-4928-BF07-38CAE66AF3AD}.Release|Any CPU.ActiveCfg = Release|Any CPU
		{1BED5699-1ED8-4928-BF07-38CAE66AF3AD}.Release|Any CPU.Build.0 = Release|Any CPU
		{1BED5699-1ED8-4928-BF07-38CAE66AF3AD}.Release|Any CPU.Deploy.0 = Release|Any CPU
		{1BED5699-1ED8-4928-BF07-38CAE66AF3AD}.Release|ARM.ActiveCfg = Release|Any CPU
		{1BED5699-1ED8-4928-BF07-38CAE66AF3AD}.Release|ARM.Build.0 = Release|Any CPU
		{1BED5699-1ED8-4928-BF07-38CAE66AF3AD}.Release|ARM.Deploy.0 = Release|Any CPU
		{1BED5699-1ED8-4928-BF07-38CAE66AF3AD}.Release|x64.ActiveCfg = Release|Any CPU
		{1BED5699-1ED8-4928-BF07-38CAE66AF3AD}.Release|x64.Build.0 = Release|Any CPU
		{1BED5699-1ED8-4928-BF07-38CAE66AF3AD}.Release|x64.Deploy.0 = Release|Any CPU
		{1BED5699-1ED8-4928-BF07-38CAE66AF3AD}.Release|x86.ActiveCfg = Release|Any CPU
		{1BED5699-1ED8-4928-BF07-38CAE66AF3AD}.Release|x86.Build.0 = Release|Any CPU
		{1BED5699-1ED8-4928-BF07-38CAE66AF3AD}.Release|x86.Deploy.0 = Release|Any CPU
	EndGlobalSection
	GlobalSection(SolutionProperties) = preSolution
		HideSolutionNode = FALSE
	EndGlobalSection
	GlobalSection(ExtensibilityGlobals) = postSolution
		SolutionGuid = {9C11079C-CF95-48D3-881C-1AB9F3AE2C98}
	EndGlobalSection
EndGlobal
